// !$*UTF8*$!
{
	archiveVersion = 1;
	classes = {
	};
	objectVersion = 46;
	objects = {

/* Begin PBXBuildFile section */
		C31E42071D333B5C00A4A7A4 /* AppDelegate.swift in Sources */ = {isa = PBXBuildFile; fileRef = C31E42061D333B5C00A4A7A4 /* AppDelegate.swift */; };
		C31E42091D333B5C00A4A7A4 /* ViewController.swift in Sources */ = {isa = PBXBuildFile; fileRef = C31E42081D333B5C00A4A7A4 /* ViewController.swift */; };
		C31E420C1D333B5C00A4A7A4 /* Main.storyboard in Resources */ = {isa = PBXBuildFile; fileRef = C31E420A1D333B5C00A4A7A4 /* Main.storyboard */; };
		C31E420E1D333B5C00A4A7A4 /* Assets.xcassets in Resources */ = {isa = PBXBuildFile; fileRef = C31E420D1D333B5C00A4A7A4 /* Assets.xcassets */; };
		C31E42111D333B5C00A4A7A4 /* LaunchScreen.storyboard in Resources */ = {isa = PBXBuildFile; fileRef = C31E420F1D333B5C00A4A7A4 /* LaunchScreen.storyboard */; };
		C31E42281D333BBB00A4A7A4 /* NightView.swift in Sources */ = {isa = PBXBuildFile; fileRef = C31E42271D333BBB00A4A7A4 /* NightView.swift */; };
		C3B4E3891D34020A0089FC02 /* NightViewTests.swift in Sources */ = {isa = PBXBuildFile; fileRef = C3B4E3881D34020A0089FC02 /* NightViewTests.swift */; };
		C3B4E38B1D34CC240089FC02 /* CustomizationTableViewController.swift in Sources */ = {isa = PBXBuildFile; fileRef = C3B4E38A1D34CC240089FC02 /* CustomizationTableViewController.swift */; };
/* End PBXBuildFile section */

/* Begin PBXContainerItemProxy section */
		C31E42181D333B5C00A4A7A4 /* PBXContainerItemProxy */ = {
			isa = PBXContainerItemProxy;
			containerPortal = C31E41FB1D333B5C00A4A7A4 /* Project object */;
			proxyType = 1;
			remoteGlobalIDString = C31E42021D333B5C00A4A7A4;
			remoteInfo = NightViewSampleProject;
		};
/* End PBXContainerItemProxy section */

/* Begin PBXFileReference section */
		C31E42031D333B5C00A4A7A4 /* NightViewSampleProject.app */ = {isa = PBXFileReference; explicitFileType = wrapper.application; includeInIndex = 0; path = NightViewSampleProject.app; sourceTree = BUILT_PRODUCTS_DIR; };
		C31E42061D333B5C00A4A7A4 /* AppDelegate.swift */ = {isa = PBXFileReference; lastKnownFileType = sourcecode.swift; path = AppDelegate.swift; sourceTree = "<group>"; };
		C31E42081D333B5C00A4A7A4 /* ViewController.swift */ = {isa = PBXFileReference; lastKnownFileType = sourcecode.swift; path = ViewController.swift; sourceTree = "<group>"; };
		C31E420B1D333B5C00A4A7A4 /* Base */ = {isa = PBXFileReference; lastKnownFileType = file.storyboard; name = Base; path = Base.lproj/Main.storyboard; sourceTree = "<group>"; };
		C31E420D1D333B5C00A4A7A4 /* Assets.xcassets */ = {isa = PBXFileReference; lastKnownFileType = folder.assetcatalog; path = Assets.xcassets; sourceTree = "<group>"; };
		C31E42101D333B5C00A4A7A4 /* Base */ = {isa = PBXFileReference; lastKnownFileType = file.storyboard; name = Base; path = Base.lproj/LaunchScreen.storyboard; sourceTree = "<group>"; };
		C31E42121D333B5C00A4A7A4 /* Info.plist */ = {isa = PBXFileReference; lastKnownFileType = text.plist.xml; path = Info.plist; sourceTree = "<group>"; };
		C31E42171D333B5C00A4A7A4 /* NightViewSampleProjectTests.xctest */ = {isa = PBXFileReference; explicitFileType = wrapper.cfbundle; includeInIndex = 0; path = NightViewSampleProjectTests.xctest; sourceTree = BUILT_PRODUCTS_DIR; };
		C31E421D1D333B5C00A4A7A4 /* Info.plist */ = {isa = PBXFileReference; lastKnownFileType = text.plist.xml; path = Info.plist; sourceTree = "<group>"; };
		C31E42271D333BBB00A4A7A4 /* NightView.swift */ = {isa = PBXFileReference; fileEncoding = 4; lastKnownFileType = sourcecode.swift; path = NightView.swift; sourceTree = "<group>"; };
		C3B4E3881D34020A0089FC02 /* NightViewTests.swift */ = {isa = PBXFileReference; fileEncoding = 4; lastKnownFileType = sourcecode.swift; path = NightViewTests.swift; sourceTree = "<group>"; };
		C3B4E38A1D34CC240089FC02 /* CustomizationTableViewController.swift */ = {isa = PBXFileReference; fileEncoding = 4; lastKnownFileType = sourcecode.swift; path = CustomizationTableViewController.swift; sourceTree = "<group>"; };
/* End PBXFileReference section */

/* Begin PBXFrameworksBuildPhase section */
		C31E42001D333B5C00A4A7A4 /* Frameworks */ = {
			isa = PBXFrameworksBuildPhase;
			buildActionMask = 2147483647;
			files = (
			);
			runOnlyForDeploymentPostprocessing = 0;
		};
		C31E42141D333B5C00A4A7A4 /* Frameworks */ = {
			isa = PBXFrameworksBuildPhase;
			buildActionMask = 2147483647;
			files = (
			);
			runOnlyForDeploymentPostprocessing = 0;
		};
/* End PBXFrameworksBuildPhase section */

/* Begin PBXGroup section */
		C31E41FA1D333B5C00A4A7A4 = {
			isa = PBXGroup;
			children = (
				C31E42261D333BBB00A4A7A4 /* NightView */,
				C31E42051D333B5C00A4A7A4 /* NightViewSampleProject */,
				C31E421A1D333B5C00A4A7A4 /* NightViewSampleProjectTests */,
				C31E42041D333B5C00A4A7A4 /* Products */,
			);
			sourceTree = "<group>";
		};
		C31E42041D333B5C00A4A7A4 /* Products */ = {
			isa = PBXGroup;
			children = (
				C31E42031D333B5C00A4A7A4 /* NightViewSampleProject.app */,
				C31E42171D333B5C00A4A7A4 /* NightViewSampleProjectTests.xctest */,
			);
			name = Products;
			sourceTree = "<group>";
		};
		C31E42051D333B5C00A4A7A4 /* NightViewSampleProject */ = {
			isa = PBXGroup;
			children = (
				C31E42061D333B5C00A4A7A4 /* AppDelegate.swift */,
				C31E42081D333B5C00A4A7A4 /* ViewController.swift */,
				C3B4E38A1D34CC240089FC02 /* CustomizationTableViewController.swift */,
				C31E420A1D333B5C00A4A7A4 /* Main.storyboard */,
				C31E420D1D333B5C00A4A7A4 /* Assets.xcassets */,
				C31E420F1D333B5C00A4A7A4 /* LaunchScreen.storyboard */,
				C31E42121D333B5C00A4A7A4 /* Info.plist */,
			);
			path = NightViewSampleProject;
			sourceTree = "<group>";
		};
		C31E421A1D333B5C00A4A7A4 /* NightViewSampleProjectTests */ = {
			isa = PBXGroup;
			children = (
				C31E421D1D333B5C00A4A7A4 /* Info.plist */,
				C3B4E3881D34020A0089FC02 /* NightViewTests.swift */,
			);
			path = NightViewSampleProjectTests;
			sourceTree = "<group>";
		};
		C31E42261D333BBB00A4A7A4 /* NightView */ = {
			isa = PBXGroup;
			children = (
				C31E42271D333BBB00A4A7A4 /* NightView.swift */,
			);
			name = NightView;
			path = ../NightView;
			sourceTree = "<group>";
		};
/* End PBXGroup section */

/* Begin PBXNativeTarget section */
		C31E42021D333B5C00A4A7A4 /* NightViewSampleProject */ = {
			isa = PBXNativeTarget;
			buildConfigurationList = C31E42201D333B5C00A4A7A4 /* Build configuration list for PBXNativeTarget "NightViewSampleProject" */;
			buildPhases = (
				C31E41FF1D333B5C00A4A7A4 /* Sources */,
				C31E42001D333B5C00A4A7A4 /* Frameworks */,
				C31E42011D333B5C00A4A7A4 /* Resources */,
			);
			buildRules = (
			);
			dependencies = (
			);
			name = NightViewSampleProject;
			productName = NightViewSampleProject;
			productReference = C31E42031D333B5C00A4A7A4 /* NightViewSampleProject.app */;
			productType = "com.apple.product-type.application";
		};
		C31E42161D333B5C00A4A7A4 /* NightViewSampleProjectTests */ = {
			isa = PBXNativeTarget;
			buildConfigurationList = C31E42231D333B5C00A4A7A4 /* Build configuration list for PBXNativeTarget "NightViewSampleProjectTests" */;
			buildPhases = (
				C31E42131D333B5C00A4A7A4 /* Sources */,
				C31E42141D333B5C00A4A7A4 /* Frameworks */,
				C31E42151D333B5C00A4A7A4 /* Resources */,
			);
			buildRules = (
			);
			dependencies = (
				C31E42191D333B5C00A4A7A4 /* PBXTargetDependency */,
			);
			name = NightViewSampleProjectTests;
			productName = NightViewSampleProjectTests;
			productReference = C31E42171D333B5C00A4A7A4 /* NightViewSampleProjectTests.xctest */;
			productType = "com.apple.product-type.bundle.unit-test";
		};
/* End PBXNativeTarget section */

/* Begin PBXProject section */
		C31E41FB1D333B5C00A4A7A4 /* Project object */ = {
			isa = PBXProject;
			attributes = {
				LastSwiftUpdateCheck = 0730;
				LastUpgradeCheck = 0730;
				ORGANIZATIONNAME = "Boris Emorine";
				TargetAttributes = {
					C31E42021D333B5C00A4A7A4 = {
						CreatedOnToolsVersion = 7.3;
						LastSwiftMigration = 0800;
					};
					C31E42161D333B5C00A4A7A4 = {
						CreatedOnToolsVersion = 7.3;
						LastSwiftMigration = 0800;
						TestTargetID = C31E42021D333B5C00A4A7A4;
					};
				};
			};
			buildConfigurationList = C31E41FE1D333B5C00A4A7A4 /* Build configuration list for PBXProject "NightViewSampleProject" */;
			compatibilityVersion = "Xcode 3.2";
			developmentRegion = English;
			hasScannedForEncodings = 0;
			knownRegions = (
				en,
				Base,
			);
			mainGroup = C31E41FA1D333B5C00A4A7A4;
			productRefGroup = C31E42041D333B5C00A4A7A4 /* Products */;
			projectDirPath = "";
			projectRoot = "";
			targets = (
				C31E42021D333B5C00A4A7A4 /* NightViewSampleProject */,
				C31E42161D333B5C00A4A7A4 /* NightViewSampleProjectTests */,
			);
		};
/* End PBXProject section */

/* Begin PBXResourcesBuildPhase section */
		C31E42011D333B5C00A4A7A4 /* Resources */ = {
			isa = PBXResourcesBuildPhase;
			buildActionMask = 2147483647;
			files = (
				C31E42111D333B5C00A4A7A4 /* LaunchScreen.storyboard in Resources */,
				C31E420E1D333B5C00A4A7A4 /* Assets.xcassets in Resources */,
				C31E420C1D333B5C00A4A7A4 /* Main.storyboard in Resources */,
			);
			runOnlyForDeploymentPostprocessing = 0;
		};
		C31E42151D333B5C00A4A7A4 /* Resources */ = {
			isa = PBXResourcesBuildPhase;
			buildActionMask = 2147483647;
			files = (
			);
			runOnlyForDeploymentPostprocessing = 0;
		};
/* End PBXResourcesBuildPhase section */

/* Begin PBXSourcesBuildPhase section */
		C31E41FF1D333B5C00A4A7A4 /* Sources */ = {
			isa = PBXSourcesBuildPhase;
			buildActionMask = 2147483647;
			files = (
				C31E42091D333B5C00A4A7A4 /* ViewController.swift in Sources */,
				C3B4E38B1D34CC240089FC02 /* CustomizationTableViewController.swift in Sources */,
				C31E42281D333BBB00A4A7A4 /* NightView.swift in Sources */,
				C31E42071D333B5C00A4A7A4 /* AppDelegate.swift in Sources */,
			);
			runOnlyForDeploymentPostprocessing = 0;
		};
		C31E42131D333B5C00A4A7A4 /* Sources */ = {
			isa = PBXSourcesBuildPhase;
			buildActionMask = 2147483647;
			files = (
				C3B4E3891D34020A0089FC02 /* NightViewTests.swift in Sources */,
			);
			runOnlyForDeploymentPostprocessing = 0;
		};
/* End PBXSourcesBuildPhase section */

/* Begin PBXTargetDependency section */
		C31E42191D333B5C00A4A7A4 /* PBXTargetDependency */ = {
			isa = PBXTargetDependency;
			target = C31E42021D333B5C00A4A7A4 /* NightViewSampleProject */;
			targetProxy = C31E42181D333B5C00A4A7A4 /* PBXContainerItemProxy */;
		};
/* End PBXTargetDependency section */

/* Begin PBXVariantGroup section */
		C31E420A1D333B5C00A4A7A4 /* Main.storyboard */ = {
			isa = PBXVariantGroup;
			children = (
				C31E420B1D333B5C00A4A7A4 /* Base */,
			);
			name = Main.storyboard;
			sourceTree = "<group>";
		};
		C31E420F1D333B5C00A4A7A4 /* LaunchScreen.storyboard */ = {
			isa = PBXVariantGroup;
			children = (
				C31E42101D333B5C00A4A7A4 /* Base */,
			);
			name = LaunchScreen.storyboard;
			sourceTree = "<group>";
		};
/* End PBXVariantGroup section */

/* Begin XCBuildConfiguration section */
		C31E421E1D333B5C00A4A7A4 /* Debug */ = {
			isa = XCBuildConfiguration;
			buildSettings = {
				ALWAYS_SEARCH_USER_PATHS = NO;
				CLANG_ANALYZER_NONNULL = YES;
				CLANG_CXX_LANGUAGE_STANDARD = "gnu++0x";
				CLANG_CXX_LIBRARY = "libc++";
				CLANG_ENABLE_MODULES = YES;
				CLANG_ENABLE_OBJC_ARC = YES;
				CLANG_WARN_BOOL_CONVERSION = YES;
				CLANG_WARN_CONSTANT_CONVERSION = YES;
				CLANG_WARN_DIRECT_OBJC_ISA_USAGE = YES_ERROR;
				CLANG_WARN_EMPTY_BODY = YES;
				CLANG_WARN_ENUM_CONVERSION = YES;
				CLANG_WARN_INT_CONVERSION = YES;
				CLANG_WARN_OBJC_ROOT_CLASS = YES_ERROR;
				CLANG_WARN_UNREACHABLE_CODE = YES;
				CLANG_WARN__DUPLICATE_METHOD_MATCH = YES;
				"CODE_SIGN_IDENTITY[sdk=iphoneos*]" = "iPhone Developer";
				COPY_PHASE_STRIP = NO;
				DEBUG_INFORMATION_FORMAT = dwarf;
				ENABLE_STRICT_OBJC_MSGSEND = YES;
				ENABLE_TESTABILITY = YES;
				GCC_C_LANGUAGE_STANDARD = gnu99;
				GCC_DYNAMIC_NO_PIC = NO;
				GCC_NO_COMMON_BLOCKS = YES;
				GCC_OPTIMIZATION_LEVEL = 0;
				GCC_PREPROCESSOR_DEFINITIONS = (
					"DEBUG=1",
					"$(inherited)",
				);
				GCC_WARN_64_TO_32_BIT_CONVERSION = YES;
				GCC_WARN_ABOUT_RETURN_TYPE = YES_ERROR;
				GCC_WARN_UNDECLARED_SELECTOR = YES;
				GCC_WARN_UNINITIALIZED_AUTOS = YES_AGGRESSIVE;
				GCC_WARN_UNUSED_FUNCTION = YES;
				GCC_WARN_UNUSED_VARIABLE = YES;
				IPHONEOS_DEPLOYMENT_TARGET = 9.3;
				MTL_ENABLE_DEBUG_INFO = YES;
				ONLY_ACTIVE_ARCH = YES;
				SDKROOT = iphoneos;
				SWIFT_OPTIMIZATION_LEVEL = "-Onone";
				TARGETED_DEVICE_FAMILY = "1,2";
			};
			name = Debug;
		};
		C31E421F1D333B5C00A4A7A4 /* Release */ = {
			isa = XCBuildConfiguration;
			buildSettings = {
				ALWAYS_SEARCH_USER_PATHS = NO;
				CLANG_ANALYZER_NONNULL = YES;
				CLANG_CXX_LANGUAGE_STANDARD = "gnu++0x";
				CLANG_CXX_LIBRARY = "libc++";
				CLANG_ENABLE_MODULES = YES;
				CLANG_ENABLE_OBJC_ARC = YES;
				CLANG_WARN_BOOL_CONVERSION = YES;
				CLANG_WARN_CONSTANT_CONVERSION = YES;
				CLANG_WARN_DIRECT_OBJC_ISA_USAGE = YES_ERROR;
				CLANG_WARN_EMPTY_BODY = YES;
				CLANG_WARN_ENUM_CONVERSION = YES;
				CLANG_WARN_INT_CONVERSION = YES;
				CLANG_WARN_OBJC_ROOT_CLASS = YES_ERROR;
				CLANG_WARN_UNREACHABLE_CODE = YES;
				CLANG_WARN__DUPLICATE_METHOD_MATCH = YES;
				"CODE_SIGN_IDENTITY[sdk=iphoneos*]" = "iPhone Developer";
				COPY_PHASE_STRIP = NO;
				DEBUG_INFORMATION_FORMAT = "dwarf-with-dsym";
				ENABLE_NS_ASSERTIONS = NO;
				ENABLE_STRICT_OBJC_MSGSEND = YES;
				GCC_C_LANGUAGE_STANDARD = gnu99;
				GCC_NO_COMMON_BLOCKS = YES;
				GCC_WARN_64_TO_32_BIT_CONVERSION = YES;
				GCC_WARN_ABOUT_RETURN_TYPE = YES_ERROR;
				GCC_WARN_UNDECLARED_SELECTOR = YES;
				GCC_WARN_UNINITIALIZED_AUTOS = YES_AGGRESSIVE;
				GCC_WARN_UNUSED_FUNCTION = YES;
				GCC_WARN_UNUSED_VARIABLE = YES;
				IPHONEOS_DEPLOYMENT_TARGET = 9.3;
				MTL_ENABLE_DEBUG_INFO = NO;
				SDKROOT = iphoneos;
				TARGETED_DEVICE_FAMILY = "1,2";
				VALIDATE_PRODUCT = YES;
			};
			name = Release;
		};
		C31E42211D333B5C00A4A7A4 /* Debug */ = {
			isa = XCBuildConfiguration;
			buildSettings = {
				ASSETCATALOG_COMPILER_APPICON_NAME = AppIcon;
				INFOPLIST_FILE = NightViewSampleProject/Info.plist;
				LD_RUNPATH_SEARCH_PATHS = "$(inherited) @executable_path/Frameworks";
				PRODUCT_BUNDLE_IDENTIFIER = BEM.NightViewSampleProject;
				PRODUCT_NAME = "$(TARGET_NAME)";
				SWIFT_INSTALL_OBJC_HEADER = YES;
				SWIFT_VERSION = 3.0;
			};
			name = Debug;
		};
		C31E42221D333B5C00A4A7A4 /* Release */ = {
			isa = XCBuildConfiguration;
			buildSettings = {
				ASSETCATALOG_COMPILER_APPICON_NAME = AppIcon;
				INFOPLIST_FILE = NightViewSampleProject/Info.plist;
				LD_RUNPATH_SEARCH_PATHS = "$(inherited) @executable_path/Frameworks";
				PRODUCT_BUNDLE_IDENTIFIER = BEM.NightViewSampleProject;
				PRODUCT_NAME = "$(TARGET_NAME)";
				SWIFT_INSTALL_OBJC_HEADER = YES;
				SWIFT_VERSION = 3.0;
			};
			name = Release;
		};
		C31E42241D333B5C00A4A7A4 /* Debug */ = {
			isa = XCBuildConfiguration;
			buildSettings = {
				BUNDLE_LOADER = "$(TEST_HOST)";
				CLANG_ENABLE_MODULES = YES;
				INFOPLIST_FILE = NightViewSampleProjectTests/Info.plist;
				LD_RUNPATH_SEARCH_PATHS = "$(inherited) @executable_path/Frameworks @loader_path/Frameworks";
				PRODUCT_BUNDLE_IDENTIFIER = BEM.NightViewSampleProjectTests;
				PRODUCT_NAME = "$(TARGET_NAME)";
				SWIFT_OBJC_BRIDGING_HEADER = "";
				SWIFT_OPTIMIZATION_LEVEL = "-Onone";
				SWIFT_VERSION = 3.0;
				TEST_HOST = "$(BUILT_PRODUCTS_DIR)/NightViewSampleProject.app/NightViewSampleProject";
			};
			name = Debug;
		};
		C31E42251D333B5C00A4A7A4 /* Release */ = {
			isa = XCBuildConfiguration;
			buildSettings = {
				BUNDLE_LOADER = "$(TEST_HOST)";
				CLANG_ENABLE_MODULES = YES;
				INFOPLIST_FILE = NightViewSampleProjectTests/Info.plist;
				LD_RUNPATH_SEARCH_PATHS = "$(inherited) @executable_path/Frameworks @loader_path/Frameworks";
				PRODUCT_BUNDLE_IDENTIFIER = BEM.NightViewSampleProjectTests;
				PRODUCT_NAME = "$(TARGET_NAME)";
				SWIFT_OBJC_BRIDGING_HEADER = "";
				SWIFT_VERSION = 3.0;
				TEST_HOST = "$(BUILT_PRODUCTS_DIR)/NightViewSampleProject.app/NightViewSampleProject";
			};
			name = Release;
		};
/* End XCBuildConfiguration section */

/* Begin XCConfigurationList section */
		C31E41FE1D333B5C00A4A7A4 /* Build configuration list for PBXProject "NightViewSampleProject" */ = {
			isa = XCConfigurationList;
			buildConfigurations = (
				C31E421E1D333B5C00A4A7A4 /* Debug */,
				C31E421F1D333B5C00A4A7A4 /* Release */,
			);
			defaultConfigurationIsVisible = 0;
			defaultConfigurationName = Release;
		};
		C31E42201D333B5C00A4A7A4 /* Build configuration list for PBXNativeTarget "NightViewSampleProject" */ = {
			isa = XCConfigurationList;
			buildConfigurations = (
				C31E42211D333B5C00A4A7A4 /* Debug */,
				C31E42221D333B5C00A4A7A4 /* Release */,
			);
			defaultConfigurationIsVisible = 0;
			defaultConfigurationName = Release;
		};
		C31E42231D333B5C00A4A7A4 /* Build configuration list for PBXNativeTarget "NightViewSampleProjectTests" */ = {
			isa = XCConfigurationList;
			buildConfigurations = (
				C31E42241D333B5C00A4A7A4 /* Debug */,
				C31E42251D333B5C00A4A7A4 /* Release */,
			);
			defaultConfigurationIsVisible = 0;
			defaultConfigurationName = Release;
		};
/* End XCConfigurationList section */
	};
	rootObject = C31E41FB1D333B5C00A4A7A4 /* Project object */;
}
